lockfileVersion: 5.3

specifiers:
  fs-extra: ^9.0.0
  typescript: ^4.1.3

devDependencies:
  fs-extra: 9.1.0
  typescript: 4.2.3

packages:

  /at-least-node/1.0.0:
    resolution: {integrity: sha512-+q/t7Ekv1EDY2l6Gda6LLiX14rU9TV20Wa3ofeQmwPFZbOMo9DXrLbOjFaaclkXKWidIaopwAObQDqwWtGUjqg==}
    engines: {node: '>= 4.0.0'}
    dev: true

  /fs-extra/9.1.0:
    resolution: {integrity: sha512-hcg3ZmepS30/7BSFqRvoo3DOMQu7IjqxO5nCDt+zM9XWjb33Wg7ziNT+Qvqbuc3+gWpzO02JubVyk2G4Zvo1OQ==}
    engines: {node: '>=10'}
    dependencies:
      at-least-node: 1.0.0
      graceful-fs: 4.2.6
      jsonfile: 6.1.0
      universalify: 2.0.0
    dev: true

  /graceful-fs/4.2.6:
    resolution: {integrity: sha512-nTnJ528pbqxYanhpDYsi4Rd8MAeaBA67+RZ10CM1m3bTAVFEDcd5AuA4a6W5YkGZ1iNXHzZz8T6TBKLeBuNriQ==}
    dev: true

  /jsonfile/6.1.0:
    resolution: {integrity: sha512-5dgndWOriYSm5cnYaJNhalLNDKOqFwyDB/rr1E9ZsGciGvKPs8R2xYGCacuf3z6K1YKDz182fd+fY3cn3pMqXQ==}
    dependencies:
      universalify: 2.0.0
    optionalDependencies:
      graceful-fs: 4.2.6
    dev: true

  /typescript/4.2.3:
    resolution: {integrity: sha512-qOcYwxaByStAWrBf4x0fibwZvMRG+r4cQoTjbPtUlrWjBHbmCAww1i448U0GJ+3cNNEtebDteo/cHOR3xJ4wEw==}
    engines: {node: '>=4.2.0'}
    hasBin: true
    dev: true

  /universalify/2.0.0:
    resolution: {integrity: sha512-hAZsKq7Yy11Zu1DE0OzWjw7nnLZmJZYTDZZyEFHZdUhV8FkH5MCfoU1XMaxXovpyW5nq5scPqq0ZDP9Zyl04oQ==}
    engines: {node: '>= 10.0.0'}
    dev: true
