# THIS IS AN AUTOGENERATED FILE. DO NOT EDIT THIS FILE DIRECTLY.
# yarn lockfile v1


"@babel/code-frame@^7.0.0":
  version "7.0.0"
  resolved "https://registry.yarnpkg.com/@babel/code-frame/-/code-frame-7.0.0.tgz#06e2ab19bdb535385559aabb5ba59729482800f8"
  dependencies:
    "@babel/highlight" "^7.0.0"

"@babel/highlight@^7.0.0":
  version "7.0.0"
  resolved "https://registry.yarnpkg.com/@babel/highlight/-/highlight-7.0.0.tgz#f710c38c8d458e6dd9a201afb637fcb781ce99e4"
  dependencies:
    chalk "^2.0.0"
    esutils "^2.0.2"
    js-tokens "^4.0.0"

"@types/estree@*":
  version "0.0.39"
  resolved "https://registry.yarnpkg.com/@types/estree/-/estree-0.0.39.tgz#e177e699ee1b8c22d23174caaa7422644389509f"
  integrity sha512-EYNwp3bU+98cpU4lAWYYL7Zz+2gryWH1qbdDTidVd6hkiR6weksdbMadyXKXNPEkQFhXM+hVO9ZygomHXp+AIw==

"@types/node@*":
  version "12.11.1"
  resolved "https://registry.yarnpkg.com/@types/node/-/node-12.11.1.tgz#1fd7b821f798b7fa29f667a1be8f3442bb8922a3"
  integrity sha512-TJtwsqZ39pqcljJpajeoofYRfeZ7/I/OMUQ5pR4q5wOKf2ocrUvBAZUMhWsOvKx3dVc/aaV5GluBivt0sWqA5A==

acorn@^7.1.0:
  version "7.1.0"
  resolved "https://registry.yarnpkg.com/acorn/-/acorn-7.1.0.tgz#949d36f2c292535da602283586c2477c57eb2d6c"
  integrity sha512-kL5CuoXA/dgxlBbVrflsflzQ3PAas7RYZB52NOm/6839iVYJgKMJ3cQJD+t2i5+qFa8h3MDpEOJiS64E8JLnSQ==

ansi-styles@^3.2.1:
  version "3.2.1"
  resolved "https://registry.yarnpkg.com/ansi-styles/-/ansi-styles-3.2.1.tgz#41fbb20243e50b12be0f04b8dedbf07520ce841d"
  dependencies:
    color-convert "^1.9.0"

chalk@^2.0.0:
  version "2.4.1"
  resolved "https://registry.yarnpkg.com/chalk/-/chalk-2.4.1.tgz#18c49ab16a037b6eb0152cc83e3471338215b66e"
  dependencies:
    ansi-styles "^3.2.1"
    escape-string-regexp "^1.0.5"
    supports-color "^5.3.0"

color-convert@^1.9.0:
  version "1.9.3"
  resolved "https://registry.yarnpkg.com/color-convert/-/color-convert-1.9.3.tgz#bb71850690e1f136567de629d2d5471deda4c1e8"
  dependencies:
    color-name "1.1.3"

color-name@1.1.3:
  version "1.1.3"
  resolved "https://registry.yarnpkg.com/color-name/-/color-name-1.1.3.tgz#a7d0558bd89c42f795dd42328f740831ca53bc25"

commander@2.20.0:
  version "2.20.0"
  resolved "https://registry.yarnpkg.com/commander/-/commander-2.20.0.tgz#d58bb2b5c1ee8f87b0d340027e9e94e222c5a422"
  integrity sha512-7j2y+40w61zy6YC2iRNpUe/NwhNyoXrYpHMrSunaMG64nRnaf96zO/KMQR4OyN/UnE5KLyEBnKHd4aG3rskjpQ==

commondir@^1.0.1:
  version "1.0.1"
  resolved "https://registry.yarnpkg.com/commondir/-/commondir-1.0.1.tgz#ddd800da0c66127393cca5950ea968a3aaf1253b"

escape-string-regexp@^1.0.5:
  version "1.0.5"
  resolved "https://registry.yarnpkg.com/escape-string-regexp/-/escape-string-regexp-1.0.5.tgz#1b61c0562190a8dff6ae3bb2cf0200ca130b86d4"

estree-walker@^0.6.1:
  version "0.6.1"
  resolved "https://registry.yarnpkg.com/estree-walker/-/estree-walker-0.6.1.tgz#53049143f40c6eb918b23671d1fe3219f3a1b362"
  integrity sha512-SqmZANLWS0mnatqbSfRP5g8OXZC12Fgg1IwNtLsyHDzJizORW4khDfjPqJZsemPWBB2uqykUah5YpQ6epsqC/w==

esutils@^2.0.2:
  version "2.0.2"
  resolved "https://registry.yarnpkg.com/esutils/-/esutils-2.0.2.tgz#0abf4f1caa5bcb1f7a9d8acc6dea4faaa04bac9b"

find-cache-dir@^3.0.0:
  version "3.0.0"
  resolved "https://registry.yarnpkg.com/find-cache-dir/-/find-cache-dir-3.0.0.tgz#cd4b7dd97b7185b7e17dbfe2d6e4115ee3eeb8fc"
  integrity sha512-t7ulV1fmbxh5G9l/492O1p5+EBbr3uwpt6odhFTMc+nWyhmbloe+ja9BZ8pIBtqFWhOmCWVjx+pTW4zDkFoclw==
  dependencies:
    commondir "^1.0.1"
    make-dir "^3.0.0"
    pkg-dir "^4.1.0"

find-up@^4.0.0:
  version "4.1.0"
  resolved "https://registry.yarnpkg.com/find-up/-/find-up-4.1.0.tgz#97afe7d6cdc0bc5928584b7c8d7b16e8a9aa5d19"
  integrity sha512-PpOwAdQ/YlXQ2vj8a3h8IipDuYRi3wceVQQGYWxNINccq40Anw7BlsEXCMbt1Zt+OLA6Fq9suIpIWD0OsnISlw==
  dependencies:
    locate-path "^5.0.0"
    path-exists "^4.0.0"

fs-extra@8.1.0:
  version "8.1.0"
  resolved "https://registry.yarnpkg.com/fs-extra/-/fs-extra-8.1.0.tgz#49d43c45a88cd9677668cb7be1b46efdb8d2e1c0"
  integrity sha512-yhlQgA6mnOJUKOsRUFsgJdQCvkKhcz8tlZG5HBQfReYZy46OwLcY+Zia0mtdHsOo9y/hP+CxMN0TU9QxoOtG4g==
  dependencies:
    graceful-fs "^4.2.0"
    jsonfile "^4.0.0"
    universalify "^0.1.0"

graceful-fs@^4.1.6:
  version "4.1.11"
  resolved "https://registry.yarnpkg.com/graceful-fs/-/graceful-fs-4.1.11.tgz#0e8bdfe4d1ddb8854d64e04ea7c00e2a026e5658"

graceful-fs@^4.2.0:
  version "4.2.2"
  resolved "https://registry.yarnpkg.com/graceful-fs/-/graceful-fs-4.2.2.tgz#6f0952605d0140c1cfdb138ed005775b92d67b02"
  integrity sha512-IItsdsea19BoLC7ELy13q1iJFNmd7ofZH5+X/pJr90/nRoPEX0DJo1dHDbgtYWOhJhcCgMDTOw84RZ72q6lB+Q==

has-flag@^3.0.0:
  version "3.0.0"
  resolved "https://registry.yarnpkg.com/has-flag/-/has-flag-3.0.0.tgz#b5d454dc2199ae225699f3467e5a07f3b955bafd"

jest-worker@^24.0.0:
  version "24.9.0"
  resolved "https://registry.yarnpkg.com/jest-worker/-/jest-worker-24.9.0.tgz#5dbfdb5b2d322e98567898238a9697bcce67b3e5"
  integrity sha512-51PE4haMSXcHohnSMdM42anbvZANYTqMrr52tVKPqqsPJMzoP6FYYDVqahX/HrAoKEKz3uUPzSvKs9A3qR4iVw==
  dependencies:
    merge-stream "^2.0.0"
    supports-color "^6.1.0"

js-tokens@^4.0.0:
  version "4.0.0"
  resolved "https://registry.yarnpkg.com/js-tokens/-/js-tokens-4.0.0.tgz#19203fb59991df98e3a287050d4647cdeaf32499"

jsonfile@^4.0.0:
  version "4.0.0"
  resolved "https://registry.yarnpkg.com/jsonfile/-/jsonfile-4.0.0.tgz#8771aae0799b64076b76640fca058f9c10e33ecb"
  optionalDependencies:
    graceful-fs "^4.1.6"

locate-path@^5.0.0:
  version "5.0.0"
  resolved "https://registry.yarnpkg.com/locate-path/-/locate-path-5.0.0.tgz#1afba396afd676a6d42504d0a67a3a7eb9f62aa0"
  integrity sha512-t7hw9pI+WvuwNJXwk5zVHpyhIqzg2qTlklJOf0mVxGSbe3Fp2VieZcduNYjaLDoy6p9uGpQEGWG87WpMKlNq8g==
  dependencies:
    p-locate "^4.1.0"

make-dir@^3.0.0:
  version "3.0.0"
  resolved "https://registry.yarnpkg.com/make-dir/-/make-dir-3.0.0.tgz#1b5f39f6b9270ed33f9f054c5c0f84304989f801"
  integrity sha512-grNJDhb8b1Jm1qeqW5R/O63wUo4UXo2v2HMic6YT9i/HBlF93S8jkMgH7yugvY9ABDShH4VZMn8I+U8+fCNegw==
  dependencies:
    semver "^6.0.0"

merge-stream@^2.0.0:
  version "2.0.0"
  resolved "https://registry.yarnpkg.com/merge-stream/-/merge-stream-2.0.0.tgz#52823629a14dd00c9770fb6ad47dc6310f2c1f60"
  integrity sha512-abv/qOcuPfk3URPfDzmZU1LKmuw8kT+0nIHvKrKgFrwifol/doWcdA4ZqsWQ8ENrFKkd67Mfpo/LovbIUsbt3w==

p-limit@^2.2.0:
  version "2.2.1"
  resolved "https://registry.yarnpkg.com/p-limit/-/p-limit-2.2.1.tgz#aa07a788cc3151c939b5131f63570f0dd2009537"
  integrity sha512-85Tk+90UCVWvbDavCLKPOLC9vvY8OwEX/RtKF+/1OADJMVlFfEHOiMTPVyxg7mk/dKa+ipdHm0OUkTvCpMTuwg==
  dependencies:
    p-try "^2.0.0"

p-locate@^4.1.0:
  version "4.1.0"
  resolved "https://registry.yarnpkg.com/p-locate/-/p-locate-4.1.0.tgz#a3428bb7088b3a60292f66919278b7c297ad4f07"
  integrity sha512-R79ZZ/0wAxKGu3oYMlz8jy/kbhsNrS7SKZ7PxEHBgJ5+F2mtFW2fK2cOtBh1cHYkQsbzFV7I+EoRKe6Yt0oK7A==
  dependencies:
    p-limit "^2.2.0"

p-try@^2.0.0:
  version "2.0.0"
  resolved "https://registry.yarnpkg.com/p-try/-/p-try-2.0.0.tgz#85080bb87c64688fa47996fe8f7dfbe8211760b1"

path-exists@^4.0.0:
  version "4.0.0"
  resolved "https://registry.yarnpkg.com/path-exists/-/path-exists-4.0.0.tgz#513bdbe2d3b95d7762e8c1137efa195c6c61b5b3"
  integrity sha512-ak9Qy5Q7jYb2Wwcey5Fpvg2KoAc/ZIhLSLOSBmRmygPsGwkVVt0fZa0qrtMz+m6tJTAHfZQ8FnmB4MG4LWy7/w==

path-parse@^1.0.6:
  version "1.0.6"
  resolved "https://registry.yarnpkg.com/path-parse/-/path-parse-1.0.6.tgz#d62dbb5679405d72c4737ec58600e9ddcf06d24c"
  integrity sha512-GSmOT2EbHrINBf9SR7CDELwlJ8AENk3Qn7OikK4nFYAu3Ote2+JYNVvkpAEQm3/TLNEJFD/xZJjzyxg3KBWOzw==

pkg-dir@^4.1.0:
  version "4.2.0"
  resolved "https://registry.yarnpkg.com/pkg-dir/-/pkg-dir-4.2.0.tgz#f099133df7ede422e81d1d8448270eeb3e4261f3"
  integrity sha512-HRDzbaKjC+AOWVXxAU/x54COGeIv9eb+6CkDSQoNTt4XyWoIJvuPsXizxu/Fr23EiekbtZwmh1IcIG/l/a10GQ==
  dependencies:
    find-up "^4.0.0"

resolve@1.12.0:
  version "1.12.0"
  resolved "https://registry.yarnpkg.com/resolve/-/resolve-1.12.0.tgz#3fc644a35c84a48554609ff26ec52b66fa577df6"
  integrity sha512-B/dOmuoAik5bKcD6s6nXDCjzUKnaDvdkRyAk6rsmsKLipWj4797iothd7jmmUhWTfinVMU+wc56rYKsit2Qy4w==
  dependencies:
    path-parse "^1.0.6"

rollup-plugin-typescript2@^0.24.3:
  version "0.24.3"
  resolved "https://registry.yarnpkg.com/rollup-plugin-typescript2/-/rollup-plugin-typescript2-0.24.3.tgz#276fa33a9d584d500da62d3e5400307f4a46bdf2"
  integrity sha512-D7yovQlhnRoz7pG/RF0ni+koxgzEShwfAGuOq6OVqKzcATHOvmUt2ePeYVdc9N0adcW1PcTzklUEM0oNWE/POw==
  dependencies:
    find-cache-dir "^3.0.0"
    fs-extra "8.1.0"
    resolve "1.12.0"
    rollup-pluginutils "2.8.1"
    tslib "1.10.0"

rollup-plugin-uglify@^6.0.3:
  version "6.0.3"
  resolved "https://registry.yarnpkg.com/rollup-plugin-uglify/-/rollup-plugin-uglify-6.0.3.tgz#e3f776171344b580bec6c6ab8888622b67099457"
  integrity sha512-PIv3CfhZJlOG8C85N0GX+uK09TPggmAS6Nk6fpp2ELzDAV5VUhNzOURDU2j7+MwuRr0zq9IZttUTADc/jH8Gkg==
  dependencies:
    "@babel/code-frame" "^7.0.0"
    jest-worker "^24.0.0"
    serialize-javascript "^1.9.0"
    uglify-js "^3.4.9"

rollup-pluginutils@2.8.1:
  version "2.8.1"
  resolved "https://registry.yarnpkg.com/rollup-pluginutils/-/rollup-pluginutils-2.8.1.tgz#8fa6dd0697344938ef26c2c09d2488ce9e33ce97"
  integrity sha512-J5oAoysWar6GuZo0s+3bZ6sVZAC0pfqKz68De7ZgDi5z63jOVZn1uJL/+z1jeKHNbGII8kAyHF5q8LnxSX5lQg==
  dependencies:
    estree-walker "^0.6.1"

rollup@^1.24.0:
  version "1.25.0"
  resolved "https://registry.yarnpkg.com/rollup/-/rollup-1.25.0.tgz#0c293d16be13000fa69c5a3035ab21a852d04bd7"
  integrity sha512-tcf5ThhnhOUaNrxBSABvaaX9uC8hNxgyJpJmDIXaCkKHq/nPocaDz/4F/KBDiUpOt/ThvUxFrUq3XkyWiyXQiQ==
  dependencies:
    "@types/estree" "*"
    "@types/node" "*"
    acorn "^7.1.0"

semver@^6.0.0:
  version "6.3.0"
  resolved "https://registry.yarnpkg.com/semver/-/semver-6.3.0.tgz#ee0a64c8af5e8ceea67687b133761e1becbd1d3d"
  integrity sha512-b39TBaTSfV6yBrapU89p5fKekE2m/NwnDocOVruQFS1/veMgdzuPcnOM34M6CwxW8jH/lxEa5rBoDeUwu5HHTw==

serialize-javascript@^1.9.0:
  version "1.9.1"
  resolved "https://registry.yarnpkg.com/serialize-javascript/-/serialize-javascript-1.9.1.tgz#cfc200aef77b600c47da9bb8149c943e798c2fdb"
  integrity sha512-0Vb/54WJ6k5v8sSWN09S0ora+Hnr+cX40r9F170nT+mSkaxltoE/7R3OrIdBSUv1OoiobH1QoWQbCnAO+e8J1A==

source-map@~0.6.1:
  version "0.6.1"
  resolved "https://registry.yarnpkg.com/source-map/-/source-map-0.6.1.tgz#74722af32e9614e9c287a8d0bbde48b5e2f1a263"

supports-color@^5.3.0:
  version "5.5.0"
  resolved "https://registry.yarnpkg.com/supports-color/-/supports-color-5.5.0.tgz#e2e69a44ac8772f78a1ec0b35b689df6530efc8f"
  dependencies:
    has-flag "^3.0.0"

supports-color@^6.1.0:
  version "6.1.0"
  resolved "https://registry.yarnpkg.com/supports-color/-/supports-color-6.1.0.tgz#0764abc69c63d5ac842dd4867e8d025e880df8f3"
  integrity sha512-qe1jfm1Mg7Nq/NSh6XE24gPXROEVsWHxC1LIx//XNlD9iw7YZQGjZNjYN7xGaEG6iKdA8EtNFW6R0gjnVXp+wQ==
  dependencies:
    has-flag "^3.0.0"

tslib@1.10.0:
  version "1.10.0"
  resolved "https://registry.yarnpkg.com/tslib/-/tslib-1.10.0.tgz#c3c19f95973fb0a62973fb09d90d961ee43e5c8a"
  integrity sha512-qOebF53frne81cf0S9B41ByenJ3/IuH8yJKngAX35CmiZySA0khhkovshKK+jGCaMnVomla7gVlIcc3EvKPbTQ==

typescript@3.5.2:
  version "3.5.2"
  resolved "https://registry.yarnpkg.com/typescript/-/typescript-3.5.2.tgz#a09e1dc69bc9551cadf17dba10ee42cf55e5d56c"
  integrity sha512-7KxJovlYhTX5RaRbUdkAXN1KUZ8PwWlTzQdHV6xNqvuFOs7+WBo10TQUqT19Q/Jz2hk5v9TQDIhyLhhJY4p5AA==

uglify-js@^3.4.9:
  version "3.6.2"
  resolved "https://registry.yarnpkg.com/uglify-js/-/uglify-js-3.6.2.tgz#fd8048c86d990ddd29fe99d3300e0cb329103f4d"
  integrity sha512-+gh/xFte41GPrgSMJ/oJVq15zYmqr74pY9VoM69UzMzq9NFk4YDylclb1/bhEzZSaUQjbW5RvniHeq1cdtRYjw==
  dependencies:
    commander "2.20.0"
    source-map "~0.6.1"

universalify@^0.1.0:
  version "0.1.2"
  resolved "https://registry.yarnpkg.com/universalify/-/universalify-0.1.2.tgz#b646f69be3942dabcecc9d6639c80dc105efaa66"
