lockfileVersion: 5.3

specifiers:
  dary: ^1.0.2
  vanilla-life: ^0.1.5
  vanilla-ob: ^0.2.1
  vanilla-route: ^1.0.2
  vite: ^2.2.4

dependencies:
  dary: 1.0.2
  vanilla-life: 0.1.5
  vanilla-ob: 0.2.1
  vanilla-route: 1.0.2
  vite: 2.2.4

packages:

  /colorette/1.2.2:
    resolution: {integrity: sha512-MKGMzyfeuutC/ZJ1cba9NqcNpfeqMUcYmyF1ZFY6/Cn7CNSAKx6a+s48sqLqyAiZuaP2TcqMhoo+dlwFnVxT9w==}
    dev: false

  /dary/1.0.2:
    resolution: {integrity: sha512-2vFPYyG5xxP5aND9cZwO429PGGcsjmoJ/HyE1QRs3082SmVRJWaZjI4XKmkUikmqt3SKr9L8pLNhCptsmbnpeA==}
    dev: false

  /esbuild/0.9.7:
    resolution: {integrity: sha512-VtUf6aQ89VTmMLKrWHYG50uByMF4JQlVysb8dmg6cOgW8JnFCipmz7p+HNBl+RR3LLCuBxFGVauAe2wfnF9bLg==}
    hasBin: true
    requiresBuild: true
    dev: false

  /fsevents/2.3.2:
    resolution: {integrity: sha512-xiqMQR4xAeHTuB9uWm+fFRcIOgKBMiOBP+eXiyT7jsgVCq1bkVygt00oASowB7EdtpOHaaPgKt812P9ab+DDKA==}
    engines: {node: ^8.16.0 || ^10.6.0 || >=11.0.0}
    os: [darwin]
    dev: false
    optional: true

  /function-bind/1.1.1:
    resolution: {integrity: sha512-yIovAzMX49sF8Yl58fSCWJ5svSLuaibPxXQJFLmBObTuCr0Mf1KiPopGM9NiFjiYBCbfaa2Fh6breQ6ANVTI0A==}
    dev: false

  /has/1.0.3:
    resolution: {integrity: sha512-f2dvO0VU6Oej7RkWJGrehjbzMAjFp5/VKPp5tTpWIV4JHHZK1/BxbFRtf/siA2SWTe09caDmVtYYzWEIbBS4zw==}
    engines: {node: '>= 0.4.0'}
    dependencies:
      function-bind: 1.1.1
    dev: false

  /immer/9.0.2:
    resolution: {integrity: sha512-mkcmzLtIfSp40vAqteRr1MbWNSoI7JE+/PB36FNPoSfJ9RQRmNKuTYCjKkyXyuq3Dgn07HuJBrwJd4ZSk2yUbw==}
    dev: false

  /is-core-module/2.3.0:
    resolution: {integrity: sha512-xSphU2KG9867tsYdLD4RWQ1VqdFl4HTO9Thf3I/3dLEfr0dbPTWKsuCKrgqMljg4nPE+Gq0VCnzT3gr0CyBmsw==}
    dependencies:
      has: 1.0.3
    dev: false

  /nanoid/3.1.22:
    resolution: {integrity: sha512-/2ZUaJX2ANuLtTvqTlgqBQNJoQO398KyJgZloL0PZkC0dpysjncRUPsFe3DUPzz/y3h+u7C46np8RMuvF3jsSQ==}
    engines: {node: ^10 || ^12 || ^13.7 || ^14 || >=15.0.1}
    hasBin: true
    dev: false

  /path-parse/1.0.6:
    resolution: {integrity: sha512-GSmOT2EbHrINBf9SR7CDELwlJ8AENk3Qn7OikK4nFYAu3Ote2+JYNVvkpAEQm3/TLNEJFD/xZJjzyxg3KBWOzw==}
    dev: false

  /postcss/8.2.13:
    resolution: {integrity: sha512-FCE5xLH+hjbzRdpbRb1IMCvPv9yZx2QnDarBEYSN0N0HYk+TcXsEhwdFcFb+SRWOKzKGErhIEbBK2ogyLdTtfQ==}
    engines: {node: ^10 || ^12 || >=14}
    dependencies:
      colorette: 1.2.2
      nanoid: 3.1.22
      source-map: 0.6.1
    dev: false

  /querystring-number/1.0.8:
    resolution: {integrity: sha512-2aoUEkmBizS9Zcx1Rf9tIm42Uifw4WtvankOak+1fewWXWs8tJO09vsa1bDID3QIl1L+T6BoPxIJBqGf6JRK0w==}
    dev: false

  /resolve/1.20.0:
    resolution: {integrity: sha512-wENBPt4ySzg4ybFQW2TT1zMQucPK95HSh/nq2CFTZVOGut2+pQvSsgtda4d26YrYcr067wjbmzOG8byDPBX63A==}
    dependencies:
      is-core-module: 2.3.0
      path-parse: 1.0.6
    dev: false

  /rollup/2.46.0:
    resolution: {integrity: sha512-qPGoUBNl+Z8uNu0z7pD3WPTABWRbcOwIrO/5ccDJzmrtzn0LVf6Lj91+L5CcWhXl6iWf23FQ6m8Jkl2CmN1O7Q==}
    engines: {node: '>=10.0.0'}
    hasBin: true
    optionalDependencies:
      fsevents: 2.3.2
    dev: false

  /source-map/0.6.1:
    resolution: {integrity: sha512-UjgapumWlbMhkBgzT7Ykc5YXUT46F0iKu8SGXq0bcwP5dz/h0Plj6enJqjz1Zbq2l5WaqYnrVbwWOWMyF3F47g==}
    engines: {node: '>=0.10.0'}
    dev: false

  /vanilla-life/0.1.5:
    resolution: {integrity: sha512-51dI4GdeKoVTLAlVhozx29LxtEQ1NiU44Ct8VD1d00GakTOohbQx29BN/Ixn7M3yju10Mh1xJUazqCzj6q06mw==}
    dev: false

  /vanilla-ob/0.2.1:
    resolution: {integrity: sha512-GX9irS8zyrgJxYaLrsvXlTmwy2dwWF0zHe9ixRV1xOgMnn+f1NbjWGGGtP19kL0wZg9IAG7Z7BhPSrlksE3kHQ==}
    dependencies:
      immer: 9.0.2
      vanilla-life: 0.1.5
    dev: false

  /vanilla-route/1.0.2:
    resolution: {integrity: sha512-s7cWpimJYbWoaZ2k3JQkfNX040Neub5dTFhdcE6/uFZs25Sbjrm4sGwQ6ebvUr8OFSWWccpGbxd6aiaX+Gcl1A==}
    dependencies:
      querystring-number: 1.0.8
    dev: false

  /vite/2.2.4:
    resolution: {integrity: sha512-vnIwSNci+phFMp6krhy+FbYzKL0R67Sdt9mVZ96S27AewrApSJjTqncJcalk8sf60BgcbW4+1C6DFIWkxquO9g==}
    engines: {node: '>=12.0.0'}
    hasBin: true
    dependencies:
      esbuild: 0.9.7
      postcss: 8.2.13
      resolve: 1.20.0
      rollup: 2.46.0
    optionalDependencies:
      fsevents: 2.3.2
    dev: false
