lockfileVersion: 5.3

specifiers:
  aoife: ^2.0.4
  vanilla-route: ^1.0.3
  vite: ^2.1.5

dependencies:
  aoife: 2.0.4
  vanilla-route: 1.0.3

devDependencies:
  vite: 2.2.4

packages:

  /aoife/2.0.4:
    resolution: {integrity: sha512-dL0li+Vit23eeGt+Pp/PY5Ib8+uF84Ox5EjEefCBmcDVdSS93ndv5VGNWgzcktukOzw4vOOy+86KkURemOABmQ==}
    dependencies:
      vanilla-life: 0.1.6
      vanilla-ob: 0.3.1
      vanilla-svg-tags: 0.1.2
    dev: false

  /colorette/1.2.2:
    resolution: {integrity: sha512-MKGMzyfeuutC/ZJ1cba9NqcNpfeqMUcYmyF1ZFY6/Cn7CNSAKx6a+s48sqLqyAiZuaP2TcqMhoo+dlwFnVxT9w==}
    dev: true

  /esbuild/0.9.7:
    resolution: {integrity: sha512-VtUf6aQ89VTmMLKrWHYG50uByMF4JQlVysb8dmg6cOgW8JnFCipmz7p+HNBl+RR3LLCuBxFGVauAe2wfnF9bLg==}
    hasBin: true
    requiresBuild: true
    dev: true

  /fsevents/2.3.2:
    resolution: {integrity: sha512-xiqMQR4xAeHTuB9uWm+fFRcIOgKBMiOBP+eXiyT7jsgVCq1bkVygt00oASowB7EdtpOHaaPgKt812P9ab+DDKA==}
    engines: {node: ^8.16.0 || ^10.6.0 || >=11.0.0}
    os: [darwin]
    requiresBuild: true
    dev: true
    optional: true

  /function-bind/1.1.1:
    resolution: {integrity: sha512-yIovAzMX49sF8Yl58fSCWJ5svSLuaibPxXQJFLmBObTuCr0Mf1KiPopGM9NiFjiYBCbfaa2Fh6breQ6ANVTI0A==}
    dev: true

  /has/1.0.3:
    resolution: {integrity: sha512-f2dvO0VU6Oej7RkWJGrehjbzMAjFp5/VKPp5tTpWIV4JHHZK1/BxbFRtf/siA2SWTe09caDmVtYYzWEIbBS4zw==}
    engines: {node: '>= 0.4.0'}
    dependencies:
      function-bind: 1.1.1
    dev: true

  /is-core-module/2.3.0:
    resolution: {integrity: sha512-xSphU2KG9867tsYdLD4RWQ1VqdFl4HTO9Thf3I/3dLEfr0dbPTWKsuCKrgqMljg4nPE+Gq0VCnzT3gr0CyBmsw==}
    dependencies:
      has: 1.0.3
    dev: true

  /nanoid/3.1.22:
    resolution: {integrity: sha512-/2ZUaJX2ANuLtTvqTlgqBQNJoQO398KyJgZloL0PZkC0dpysjncRUPsFe3DUPzz/y3h+u7C46np8RMuvF3jsSQ==}
    engines: {node: ^10 || ^12 || ^13.7 || ^14 || >=15.0.1}
    hasBin: true
    dev: true

  /path-parse/1.0.6:
    resolution: {integrity: sha512-GSmOT2EbHrINBf9SR7CDELwlJ8AENk3Qn7OikK4nFYAu3Ote2+JYNVvkpAEQm3/TLNEJFD/xZJjzyxg3KBWOzw==}
    dev: true

  /postcss/8.2.13:
    resolution: {integrity: sha512-FCE5xLH+hjbzRdpbRb1IMCvPv9yZx2QnDarBEYSN0N0HYk+TcXsEhwdFcFb+SRWOKzKGErhIEbBK2ogyLdTtfQ==}
    engines: {node: ^10 || ^12 || >=14}
    dependencies:
      colorette: 1.2.2
      nanoid: 3.1.22
      source-map: 0.6.1
    dev: true

  /querystring-number/1.0.8:
    resolution: {integrity: sha512-2aoUEkmBizS9Zcx1Rf9tIm42Uifw4WtvankOak+1fewWXWs8tJO09vsa1bDID3QIl1L+T6BoPxIJBqGf6JRK0w==}
    dev: false

  /resolve/1.20.0:
    resolution: {integrity: sha512-wENBPt4ySzg4ybFQW2TT1zMQucPK95HSh/nq2CFTZVOGut2+pQvSsgtda4d26YrYcr067wjbmzOG8byDPBX63A==}
    dependencies:
      is-core-module: 2.3.0
      path-parse: 1.0.6
    dev: true

  /rollup/2.46.0:
    resolution: {integrity: sha512-qPGoUBNl+Z8uNu0z7pD3WPTABWRbcOwIrO/5ccDJzmrtzn0LVf6Lj91+L5CcWhXl6iWf23FQ6m8Jkl2CmN1O7Q==}
    engines: {node: '>=10.0.0'}
    hasBin: true
    optionalDependencies:
      fsevents: 2.3.2
    dev: true

  /source-map/0.6.1:
    resolution: {integrity: sha512-UjgapumWlbMhkBgzT7Ykc5YXUT46F0iKu8SGXq0bcwP5dz/h0Plj6enJqjz1Zbq2l5WaqYnrVbwWOWMyF3F47g==}
    engines: {node: '>=0.10.0'}
    dev: true

  /vanilla-life/0.1.6:
    resolution: {integrity: sha512-vpzcZtGjhB1RfdAV6u+MthxS/4kRMuqDFqtOI2uoQlaKS2Iq9hSq462K4QMBnkh1kbMsgcaRVGhbrfkV8pV0AQ==}
    dev: false

  /vanilla-ob/0.3.1:
    resolution: {integrity: sha512-W8gpvajVRlijDHIZH1VNUQVZglHJ1ck30kAG0BKwD7dkjRF7YYIuqwkEV78PR8k9Z0f8wuBnnBFnz1oapWHaRg==}
    dev: false

  /vanilla-route/1.0.3:
    resolution: {integrity: sha512-5NwDdHI5GouBeeuLVzpIrUiavRb+BUvKgUNE7cKbURkYUAEkAr/m7ud9PjVX8LMQTUq8jwGVBBtNTUX3nKQrgw==}
    dependencies:
      querystring-number: 1.0.8
    dev: false

  /vanilla-svg-tags/0.1.2:
    resolution: {integrity: sha512-RiD+2zaLtHGE9XsakFFxo0vsQUXcDims/5bZvGzb2UXz/pRx7fa8VrCOxhmbrN+biYUazcpefzYwJ1eRB/TiYA==}
    dev: false

  /vite/2.2.4:
    resolution: {integrity: sha512-vnIwSNci+phFMp6krhy+FbYzKL0R67Sdt9mVZ96S27AewrApSJjTqncJcalk8sf60BgcbW4+1C6DFIWkxquO9g==}
    engines: {node: '>=12.0.0'}
    hasBin: true
    dependencies:
      esbuild: 0.9.7
      postcss: 8.2.13
      resolve: 1.20.0
      rollup: 2.46.0
    optionalDependencies:
      fsevents: 2.3.2
    dev: true
