# THIS IS AN AUTOGENERATED FILE. DO NOT EDIT THIS FILE DIRECTLY.
# yarn lockfile v1


aoife@^2.0.4:
  version "2.0.6"
  resolved "https://registry.yarnpkg.com/aoife/-/aoife-2.0.6.tgz#c3bd9e4ea453b1d69ee10a3fe6013eea322a7f1d"
  integrity sha512-4AvvRU5zldlL6Viwp7i/9ms8CUO3pTNJ27kkmgAI5tesB0QVQzxINAa37kr3I7+CG7njlIX2yjOFNWnNXmxzpQ==
  dependencies:
    vanilla-life "^0.1.5"
    vanilla-ob "^0.3.5"
    vanilla-svg-tags "^0.1.2"

colorette@^1.2.2:
  version "1.2.2"
  resolved "https://registry.yarnpkg.com/colorette/-/colorette-1.2.2.tgz#cbcc79d5e99caea2dbf10eb3a26fd8b3e6acfa94"
  integrity sha512-MKGMzyfeuutC/ZJ1cba9NqcNpfeqMUcYmyF1ZFY6/Cn7CNSAKx6a+s48sqLqyAiZuaP2TcqMhoo+dlwFnVxT9w==

esbuild@^0.9.3:
  version "0.9.7"
  resolved "https://registry.yarnpkg.com/esbuild/-/esbuild-0.9.7.tgz#ea0d639cbe4b88ec25fbed4d6ff00c8d788ef70b"
  integrity sha512-VtUf6aQ89VTmMLKrWHYG50uByMF4JQlVysb8dmg6cOgW8JnFCipmz7p+HNBl+RR3LLCuBxFGVauAe2wfnF9bLg==

fsevents@~2.3.1:
  version "2.3.2"
  resolved "https://registry.yarnpkg.com/fsevents/-/fsevents-2.3.2.tgz#8a526f78b8fdf4623b709e0b975c52c24c02fd1a"
  integrity sha512-xiqMQR4xAeHTuB9uWm+fFRcIOgKBMiOBP+eXiyT7jsgVCq1bkVygt00oASowB7EdtpOHaaPgKt812P9ab+DDKA==

function-bind@^1.1.1:
  version "1.1.1"
  resolved "https://registry.yarnpkg.com/function-bind/-/function-bind-1.1.1.tgz#a56899d3ea3c9bab874bb9773b7c5ede92f4895d"
  integrity sha512-yIovAzMX49sF8Yl58fSCWJ5svSLuaibPxXQJFLmBObTuCr0Mf1KiPopGM9NiFjiYBCbfaa2Fh6breQ6ANVTI0A==

has@^1.0.3:
  version "1.0.3"
  resolved "https://registry.yarnpkg.com/has/-/has-1.0.3.tgz#722d7cbfc1f6aa8241f16dd814e011e1f41e8796"
  integrity sha512-f2dvO0VU6Oej7RkWJGrehjbzMAjFp5/VKPp5tTpWIV4JHHZK1/BxbFRtf/siA2SWTe09caDmVtYYzWEIbBS4zw==
  dependencies:
    function-bind "^1.1.1"

is-core-module@^2.1.0:
  version "2.2.0"
  resolved "https://registry.yarnpkg.com/is-core-module/-/is-core-module-2.2.0.tgz#97037ef3d52224d85163f5597b2b63d9afed981a"
  integrity sha512-XRAfAdyyY5F5cOXn7hYQDqh2Xmii+DEfIcQGxK/uNwMHhIkPWO0g8msXcbzLe+MpGoR951MlqM/2iIlU4vKDdQ==
  dependencies:
    has "^1.0.3"

nanoid@^3.1.23:
  version "3.1.23"
  resolved "https://registry.yarnpkg.com/nanoid/-/nanoid-3.1.23.tgz#f744086ce7c2bc47ee0a8472574d5c78e4183a81"
  integrity sha512-FiB0kzdP0FFVGDKlRLEQ1BgDzU87dy5NnzjeW9YZNt+/c3+q82EQDUwniSAUxp/F0gFNI1ZhKU1FqYsMuqZVnw==

path-parse@^1.0.6:
  version "1.0.6"
  resolved "https://registry.yarnpkg.com/path-parse/-/path-parse-1.0.6.tgz#d62dbb5679405d72c4737ec58600e9ddcf06d24c"
  integrity sha512-GSmOT2EbHrINBf9SR7CDELwlJ8AENk3Qn7OikK4nFYAu3Ote2+JYNVvkpAEQm3/TLNEJFD/xZJjzyxg3KBWOzw==

postcss@^8.2.1:
  version "8.3.4"
  resolved "https://registry.yarnpkg.com/postcss/-/postcss-8.3.4.tgz#41ece1c43f2f7c74dc7d90144047ce052757b822"
  integrity sha512-/tZY0PXExXXnNhKv3TOvZAOUYRyuqcCbBm2c17YMDK0PlVII3K7/LKdt3ScHL+hhouddjUWi+1sKDf9xXW+8YA==
  dependencies:
    colorette "^1.2.2"
    nanoid "^3.1.23"
    source-map-js "^0.6.2"

querystring-number@^1.0.8:
  version "1.0.8"
  resolved "https://registry.yarnpkg.com/querystring-number/-/querystring-number-1.0.8.tgz#f8c4a4ca1cca128fbb7ff2346a001ca20ec0f650"
  integrity sha512-2aoUEkmBizS9Zcx1Rf9tIm42Uifw4WtvankOak+1fewWXWs8tJO09vsa1bDID3QIl1L+T6BoPxIJBqGf6JRK0w==

resolve@^1.19.0:
  version "1.19.0"
  resolved "https://registry.yarnpkg.com/resolve/-/resolve-1.19.0.tgz#1af5bf630409734a067cae29318aac7fa29a267c"
  integrity sha512-rArEXAgsBG4UgRGcynxWIWKFvh/XZCcS8UJdHhwy91zwAvCZIbcs+vAbflgBnNjYMs/i/i+/Ux6IZhML1yPvxg==
  dependencies:
    is-core-module "^2.1.0"
    path-parse "^1.0.6"

rollup@^2.38.5:
  version "2.45.2"
  resolved "https://registry.yarnpkg.com/rollup/-/rollup-2.45.2.tgz#8fb85917c9f35605720e92328f3ccbfba6f78b48"
  integrity sha512-kRRU7wXzFHUzBIv0GfoFFIN3m9oteY4uAsKllIpQDId5cfnkWF2J130l+27dzDju0E6MScKiV0ZM5Bw8m4blYQ==
  optionalDependencies:
    fsevents "~2.3.1"

source-map-js@^0.6.2:
  version "0.6.2"
  resolved "https://registry.yarnpkg.com/source-map-js/-/source-map-js-0.6.2.tgz#0bb5de631b41cfbda6cfba8bd05a80efdfd2385e"
  integrity sha512-/3GptzWzu0+0MBQFrDKzw/DvvMTUORvgY6k6jd/VS6iCR4RDTKWH6v6WPwQoUO8667uQEf9Oe38DxAYWY5F/Ug==

vanilla-life@^0.1.5:
  version "0.1.6"
  resolved "https://registry.yarnpkg.com/vanilla-life/-/vanilla-life-0.1.6.tgz#f137232f1b44407110c398b8d15ff7cbca30f5df"
  integrity sha512-vpzcZtGjhB1RfdAV6u+MthxS/4kRMuqDFqtOI2uoQlaKS2Iq9hSq462K4QMBnkh1kbMsgcaRVGhbrfkV8pV0AQ==

vanilla-ob@^0.3.5:
  version "0.3.5"
  resolved "https://registry.yarnpkg.com/vanilla-ob/-/vanilla-ob-0.3.5.tgz#a393b8f12b4e264fcc7d8e3f36a7f5eb676b522e"
  integrity sha512-zt9pvNgCBp9UJBAl+FWCOTBXMX04HWi72s9pL07DXtYsXePqeBNiXkxBiwjp+wwaZgat/1EpeUmBY33TVJWDnA==

vanilla-route@^1.0.3:
  version "1.0.3"
  resolved "https://registry.yarnpkg.com/vanilla-route/-/vanilla-route-1.0.3.tgz#aece745b96633e2f972b2f498d2cc3c38bcc8f3b"
  integrity sha512-5NwDdHI5GouBeeuLVzpIrUiavRb+BUvKgUNE7cKbURkYUAEkAr/m7ud9PjVX8LMQTUq8jwGVBBtNTUX3nKQrgw==
  dependencies:
    querystring-number "^1.0.8"

vanilla-svg-tags@^0.1.2:
  version "0.1.2"
  resolved "https://registry.yarnpkg.com/vanilla-svg-tags/-/vanilla-svg-tags-0.1.2.tgz#e18fd9ef628bb3fa7ac4119593ad492799899ad8"
  integrity sha512-RiD+2zaLtHGE9XsakFFxo0vsQUXcDims/5bZvGzb2UXz/pRx7fa8VrCOxhmbrN+biYUazcpefzYwJ1eRB/TiYA==

vite@^2.1.5:
  version "2.1.5"
  resolved "https://registry.yarnpkg.com/vite/-/vite-2.1.5.tgz#4857da441c62f7982c83cbd5f42a00330f20c9c1"
  integrity sha512-tYU5iaYeUgQYvK/CNNz3tiJ8vYqPWfCE9IQ7K0iuzYovWw7lzty7KRYGWwV3CQPh0NKxWjOczAqiJsCL0Xb+Og==
  dependencies:
    esbuild "^0.9.3"
    postcss "^8.2.1"
    resolve "^1.19.0"
    rollup "^2.38.5"
  optionalDependencies:
    fsevents "~2.3.1"
